// !$*UTF8*$!
{
	archiveVersion = 1;
	classes = {
	};
	objectVersion = 46;
	objects = {

/* Begin PBXBuildFile section */
		68442EA51B706F5C0008F703 /* main.m in Sources */ = {isa = PBXBuildFile; fileRef = 68442EA41B706F5C0008F703 /* main.m */; };
		68442EA81B706F5C0008F703 /* AppDelegate.m in Sources */ = {isa = PBXBuildFile; fileRef = 68442EA71B706F5C0008F703 /* AppDelegate.m */; };
		68442EAB1B706F5C0008F703 /* ViewController.m in Sources */ = {isa = PBXBuildFile; fileRef = 68442EAA1B706F5C0008F703 /* ViewController.m */; };
		68442EAE1B706F5C0008F703 /* Main.storyboard in Resources */ = {isa = PBXBuildFile; fileRef = 68442EAC1B706F5C0008F703 /* Main.storyboard */; };
		68442EB01B706F5C0008F703 /* Images.xcassets in Resources */ = {isa = PBXBuildFile; fileRef = 68442EAF1B706F5C0008F703 /* Images.xcassets */; };
		68442EB31B706F5C0008F703 /* LaunchScreen.xib in Resources */ = {isa = PBXBuildFile; fileRef = 68442EB11B706F5C0008F703 /* LaunchScreen.xib */; };
		68442EBF1B706F5C0008F703 /* MoleskineTests.m in Sources */ = {isa = PBXBuildFile; fileRef = 68442EBE1B706F5C0008F703 /* MoleskineTests.m */; };
		687894001B71F98500F93668 /* MKTextView.m in Sources */ = {isa = PBXBuildFile; fileRef = 687893FF1B71F98500F93668 /* MKTextView.m */; };
		E19880374C427CA25D0872A4 /* ol.png in Resources */ = {isa = PBXBuildFile; fileRef = E19880D49A52DE26F5DF4F2A /* ol.png */; };
		E19880C29D0E19952A9BA3FF /* help.png in Resources */ = {isa = PBXBuildFile; fileRef = E1988D0AF7D380CAAD27BB0C /* help.png */; };
		E19881321B37CEB21DDB1C11 /* bold.png in Resources */ = {isa = PBXBuildFile; fileRef = E198874B170A2C6595068EF4 /* bold.png */; };
		E19881889E6C943D0ACC8CB9 /* MKMarkdownStrikethroughHighlighter.m in Sources */ = {isa = PBXBuildFile; fileRef = E198883CC3AC82C6EB9ADBC0 /* MKMarkdownStrikethroughHighlighter.m */; };
		E198832E90B687071E5FF929 /* ul.png in Resources */ = {isa = PBXBuildFile; fileRef = E19888F4DCBBB693158FC2DD /* ul.png */; };
		E198837CB6CCBAEC1C490C8F /* MKHighlighterTextStorage.m in Sources */ = {isa = PBXBuildFile; fileRef = E1988FA002B3841D472C3EE5 /* MKHighlighterTextStorage.m */; };
		E19884222C7E7D0B66E7C11B /* MKKeyboardToolBar.m in Sources */ = {isa = PBXBuildFile; fileRef = E198894D683C3E598BFD71E8 /* MKKeyboardToolBar.m */; };
		E19884332953F2B136F1EAAD /* link.png in Resources */ = {isa = PBXBuildFile; fileRef = E198811727E9C1F90EE5989A /* link.png */; };
		E1988469416DDF72AC1845F7 /* more.png in Resources */ = {isa = PBXBuildFile; fileRef = E1988F1C7484C68CF4C7AEFE /* more.png */; };
		E198846F90BA9B9ED7CF5D1E /* MKMarkdownListHighlighter.m in Sources */ = {isa = PBXBuildFile; fileRef = E1988E9A488D814DEE93F94F /* MKMarkdownListHighlighter.m */; };
		E19885777ED93324D2032F4C /* quote.png in Resources */ = {isa = PBXBuildFile; fileRef = E19881CDFEB3B8DF88CCE3AD /* quote.png */; };
		E1988584A1CFDB7B99019A13 /* MKMarkdownOrderListHighlighter.m in Sources */ = {isa = PBXBuildFile; fileRef = E1988B622E3EFD88398FDA03 /* MKMarkdownOrderListHighlighter.m */; };
		E19886032B84F43A26921B83 /* code.png in Resources */ = {isa = PBXBuildFile; fileRef = E19884B569DB2648CF06BF92 /* code.png */; };
		E198883306FF25755C0F2B6D /* hr.png in Resources */ = {isa = PBXBuildFile; fileRef = E1988E009055853A58A2C2FD /* hr.png */; };
		E19888903671F1D2821C6A9C /* MKMarkdownCodeBlockHighlighter.m in Sources */ = {isa = PBXBuildFile; fileRef = E19889534CAF0CA31C60522B /* MKMarkdownCodeBlockHighlighter.m */; };
		E1988A463F864129B5D128C9 /* MKMarkdownHeaderHighlighter.m in Sources */ = {isa = PBXBuildFile; fileRef = E19882D2CA7066971ED27688 /* MKMarkdownHeaderHighlighter.m */; };
		E1988A7731D104589176879B /* MKHighlighterType.m in Sources */ = {isa = PBXBuildFile; fileRef = E1988A0C8631C3A0EDEC7142 /* MKHighlighterType.m */; };
		E1988ACDFB041C162E81C4AD /* title.png in Resources */ = {isa = PBXBuildFile; fileRef = E1988A7D06523592C0606F79 /* title.png */; };
		E1988BA212BB66E51B57F597 /* MKMarkdownStrongBlockHighlighter.m in Sources */ = {isa = PBXBuildFile; fileRef = E1988483F48708A2DB0B9541 /* MKMarkdownStrongBlockHighlighter.m */; };
		E1988CABC5E3B06DF3B40F9A /* MKMarkdownInlineBlockHighlighter.m in Sources */ = {isa = PBXBuildFile; fileRef = E1988DB6A023632C84385B36 /* MKMarkdownInlineBlockHighlighter.m */; };
		E1988E49A794A59143FDE9D4 /* MKMarkdownItalicHighlighter.m in Sources */ = {isa = PBXBuildFile; fileRef = E1988F0F62881D9AE4A2957C /* MKMarkdownItalicHighlighter.m */; };
		E1988E700E436CF062412DE2 /* italic.png in Resources */ = {isa = PBXBuildFile; fileRef = E1988150B401F7AC1A63787B /* italic.png */; };
		E1988ED367B9DFB589201828 /* MKRegularExpressionHighlighter.m in Sources */ = {isa = PBXBuildFile; fileRef = E1988D5E87A364F773D7E160 /* MKRegularExpressionHighlighter.m */; };
		E1988F87DBF9EE3AC27C3317 /* img.png in Resources */ = {isa = PBXBuildFile; fileRef = E19886716AF45FA4B3723CE4 /* img.png */; };
		E1988FF811B292DA1F6341BB /* MKMarkdownLinkHighlighter.m in Sources */ = {isa = PBXBuildFile; fileRef = E1988767B61F7782320A561B /* MKMarkdownLinkHighlighter.m */; };
/* End PBXBuildFile section */

/* Begin PBXContainerItemProxy section */
		68442EB91B706F5C0008F703 /* PBXContainerItemProxy */ = {
			isa = PBXContainerItemProxy;
			containerPortal = 68442E971B706F5C0008F703 /* Project object */;
			proxyType = 1;
			remoteGlobalIDString = 68442E9E1B706F5C0008F703;
			remoteInfo = Moleskine;
		};
/* End PBXContainerItemProxy section */

/* Begin PBXFileReference section */
		68442E9F1B706F5C0008F703 /* Moleskine.app */ = {isa = PBXFileReference; explicitFileType = wrapper.application; includeInIndex = 0; path = Moleskine.app; sourceTree = BUILT_PRODUCTS_DIR; };
		68442EA31B706F5C0008F703 /* Info.plist */ = {isa = PBXFileReference; lastKnownFileType = text.plist.xml; path = Info.plist; sourceTree = "<group>"; };
		68442EA41B706F5C0008F703 /* main.m */ = {isa = PBXFileReference; lastKnownFileType = sourcecode.c.objc; path = main.m; sourceTree = "<group>"; };
		68442EA61B706F5C0008F703 /* AppDelegate.h */ = {isa = PBXFileReference; lastKnownFileType = sourcecode.c.h; path = AppDelegate.h; sourceTree = "<group>"; };
		68442EA71B706F5C0008F703 /* AppDelegate.m */ = {isa = PBXFileReference; lastKnownFileType = sourcecode.c.objc; path = AppDelegate.m; sourceTree = "<group>"; };
		68442EA91B706F5C0008F703 /* ViewController.h */ = {isa = PBXFileReference; lastKnownFileType = sourcecode.c.h; path = ViewController.h; sourceTree = "<group>"; };
		68442EAA1B706F5C0008F703 /* ViewController.m */ = {isa = PBXFileReference; lastKnownFileType = sourcecode.c.objc; path = ViewController.m; sourceTree = "<group>"; };
		68442EAD1B706F5C0008F703 /* Base */ = {isa = PBXFileReference; lastKnownFileType = file.storyboard; name = Base; path = Base.lproj/Main.storyboard; sourceTree = "<group>"; };
		68442EAF1B706F5C0008F703 /* Images.xcassets */ = {isa = PBXFileReference; lastKnownFileType = folder.assetcatalog; path = Images.xcassets; sourceTree = "<group>"; };
		68442EB21B706F5C0008F703 /* Base */ = {isa = PBXFileReference; lastKnownFileType = file.xib; name = Base; path = Base.lproj/LaunchScreen.xib; sourceTree = "<group>"; };
		68442EB81B706F5C0008F703 /* MoleskineTests.xctest */ = {isa = PBXFileReference; explicitFileType = wrapper.cfbundle; includeInIndex = 0; path = MoleskineTests.xctest; sourceTree = BUILT_PRODUCTS_DIR; };
		68442EBD1B706F5C0008F703 /* Info.plist */ = {isa = PBXFileReference; lastKnownFileType = text.plist.xml; path = Info.plist; sourceTree = "<group>"; };
		68442EBE1B706F5C0008F703 /* MoleskineTests.m */ = {isa = PBXFileReference; lastKnownFileType = sourcecode.c.objc; path = MoleskineTests.m; sourceTree = "<group>"; };
		687893FE1B71F98500F93668 /* MKTextView.h */ = {isa = PBXFileReference; fileEncoding = 4; lastKnownFileType = sourcecode.c.h; path = MKTextView.h; sourceTree = "<group>"; };
		687893FF1B71F98500F93668 /* MKTextView.m */ = {isa = PBXFileReference; fileEncoding = 4; lastKnownFileType = sourcecode.c.objc; path = MKTextView.m; sourceTree = "<group>"; };
		E19880D49A52DE26F5DF4F2A /* ol.png */ = {isa = PBXFileReference; lastKnownFileType = image.png; path = ol.png; sourceTree = "<group>"; };
		E198811727E9C1F90EE5989A /* link.png */ = {isa = PBXFileReference; lastKnownFileType = image.png; path = link.png; sourceTree = "<group>"; };
		E1988150B401F7AC1A63787B /* italic.png */ = {isa = PBXFileReference; lastKnownFileType = image.png; path = italic.png; sourceTree = "<group>"; };
		E1988167F839E11350B1C959 /* MKMarkdownInlineBlockHighlighter.h */ = {isa = PBXFileReference; fileEncoding = 4; lastKnownFileType = sourcecode.c.h; path = MKMarkdownInlineBlockHighlighter.h; sourceTree = "<group>"; };
		E19881CDFEB3B8DF88CCE3AD /* quote.png */ = {isa = PBXFileReference; lastKnownFileType = image.png; path = quote.png; sourceTree = "<group>"; };
		E19882D2CA7066971ED27688 /* MKMarkdownHeaderHighlighter.m */ = {isa = PBXFileReference; fileEncoding = 4; lastKnownFileType = sourcecode.c.objc; path = MKMarkdownHeaderHighlighter.m; sourceTree = "<group>"; };
		E198839C4386EACC67D03AAA /* MKMarkdownStrikethroughHighlighter.h */ = {isa = PBXFileReference; fileEncoding = 4; lastKnownFileType = sourcecode.c.h; path = MKMarkdownStrikethroughHighlighter.h; sourceTree = "<group>"; };
		E19883E671AD1A539FBC3C0A /* MKMarkdownListHighlighter.h */ = {isa = PBXFileReference; fileEncoding = 4; lastKnownFileType = sourcecode.c.h; path = MKMarkdownListHighlighter.h; sourceTree = "<group>"; };
		E1988483F48708A2DB0B9541 /* MKMarkdownStrongBlockHighlighter.m */ = {isa = PBXFileReference; fileEncoding = 4; lastKnownFileType = sourcecode.c.objc; path = MKMarkdownStrongBlockHighlighter.m; sourceTree = "<group>"; };
		E19884B569DB2648CF06BF92 /* code.png */ = {isa = PBXFileReference; lastKnownFileType = image.png; path = code.png; sourceTree = "<group>"; };
		E198861FC3CB6226690B8A64 /* MKMarkdownCodeBlockHighlighter.h */ = {isa = PBXFileReference; fileEncoding = 4; lastKnownFileType = sourcecode.c.h; path = MKMarkdownCodeBlockHighlighter.h; sourceTree = "<group>"; };
		E198865AF6944D5A5F26E8D9 /* MKMarkdownLinkHighlighter.h */ = {isa = PBXFileReference; fileEncoding = 4; lastKnownFileType = sourcecode.c.h; path = MKMarkdownLinkHighlighter.h; sourceTree = "<group>"; };
		E19886716AF45FA4B3723CE4 /* img.png */ = {isa = PBXFileReference; lastKnownFileType = image.png; path = img.png; sourceTree = "<group>"; };
		E19886CFFE3E3BB5A389927C /* MKHighlighterType.h */ = {isa = PBXFileReference; fileEncoding = 4; lastKnownFileType = sourcecode.c.h; path = MKHighlighterType.h; sourceTree = "<group>"; };
		E19886D4C55193AF5F91D6BA /* MKMarkdownStrongBlockHighlighter.h */ = {isa = PBXFileReference; fileEncoding = 4; lastKnownFileType = sourcecode.c.h; path = MKMarkdownStrongBlockHighlighter.h; sourceTree = "<group>"; };
		E198874B170A2C6595068EF4 /* bold.png */ = {isa = PBXFileReference; lastKnownFileType = image.png; path = bold.png; sourceTree = "<group>"; };
		E1988767B61F7782320A561B /* MKMarkdownLinkHighlighter.m */ = {isa = PBXFileReference; fileEncoding = 4; lastKnownFileType = sourcecode.c.objc; path = MKMarkdownLinkHighlighter.m; sourceTree = "<group>"; };
		E19887CDD056BC650616F981 /* MKKeyboardToolBar.h */ = {isa = PBXFileReference; fileEncoding = 4; lastKnownFileType = sourcecode.c.h; path = MKKeyboardToolBar.h; sourceTree = "<group>"; };
		E198883CC3AC82C6EB9ADBC0 /* MKMarkdownStrikethroughHighlighter.m */ = {isa = PBXFileReference; fileEncoding = 4; lastKnownFileType = sourcecode.c.objc; path = MKMarkdownStrikethroughHighlighter.m; sourceTree = "<group>"; };
		E19888F4DCBBB693158FC2DD /* ul.png */ = {isa = PBXFileReference; lastKnownFileType = image.png; path = ul.png; sourceTree = "<group>"; };
		E198894D683C3E598BFD71E8 /* MKKeyboardToolBar.m */ = {isa = PBXFileReference; fileEncoding = 4; lastKnownFileType = sourcecode.c.objc; path = MKKeyboardToolBar.m; sourceTree = "<group>"; };
		E19889534CAF0CA31C60522B /* MKMarkdownCodeBlockHighlighter.m */ = {isa = PBXFileReference; fileEncoding = 4; lastKnownFileType = sourcecode.c.objc; path = MKMarkdownCodeBlockHighlighter.m; sourceTree = "<group>"; };
		E1988A0C8631C3A0EDEC7142 /* MKHighlighterType.m */ = {isa = PBXFileReference; fileEncoding = 4; lastKnownFileType = sourcecode.c.objc; path = MKHighlighterType.m; sourceTree = "<group>"; };
		E1988A16B8C6F2151FF09250 /* MKMarkdownItalicHighlighter.h */ = {isa = PBXFileReference; fileEncoding = 4; lastKnownFileType = sourcecode.c.h; path = MKMarkdownItalicHighlighter.h; sourceTree = "<group>"; };
		E1988A7D06523592C0606F79 /* title.png */ = {isa = PBXFileReference; lastKnownFileType = image.png; path = title.png; sourceTree = "<group>"; };
		E1988B190186B52AB9D1C0BE /* MKHighlighterTextStorage.h */ = {isa = PBXFileReference; fileEncoding = 4; lastKnownFileType = sourcecode.c.h; path = MKHighlighterTextStorage.h; sourceTree = "<group>"; };
		E1988B281F71C587CB5D20F5 /* MKMarkdownOrderListHighlighter.h */ = {isa = PBXFileReference; fileEncoding = 4; lastKnownFileType = sourcecode.c.h; path = MKMarkdownOrderListHighlighter.h; sourceTree = "<group>"; };
		E1988B622E3EFD88398FDA03 /* MKMarkdownOrderListHighlighter.m */ = {isa = PBXFileReference; fileEncoding = 4; lastKnownFileType = sourcecode.c.objc; path = MKMarkdownOrderListHighlighter.m; sourceTree = "<group>"; };
		E1988BD774BD860BBD0A582D /* MKMarkdownHeaderHighlighter.h */ = {isa = PBXFileReference; fileEncoding = 4; lastKnownFileType = sourcecode.c.h; path = MKMarkdownHeaderHighlighter.h; sourceTree = "<group>"; };
		E1988D0AF7D380CAAD27BB0C /* help.png */ = {isa = PBXFileReference; lastKnownFileType = image.png; path = help.png; sourceTree = "<group>"; };
		E1988D5E87A364F773D7E160 /* MKRegularExpressionHighlighter.m */ = {isa = PBXFileReference; fileEncoding = 4; lastKnownFileType = sourcecode.c.objc; path = MKRegularExpressionHighlighter.m; sourceTree = "<group>"; };
		E1988DB6A023632C84385B36 /* MKMarkdownInlineBlockHighlighter.m */ = {isa = PBXFileReference; fileEncoding = 4; lastKnownFileType = sourcecode.c.objc; path = MKMarkdownInlineBlockHighlighter.m; sourceTree = "<group>"; };
		E1988E009055853A58A2C2FD /* hr.png */ = {isa = PBXFileReference; lastKnownFileType = image.png; path = hr.png; sourceTree = "<group>"; };
		E1988E9A488D814DEE93F94F /* MKMarkdownListHighlighter.m */ = {isa = PBXFileReference; fileEncoding = 4; lastKnownFileType = sourcecode.c.objc; path = MKMarkdownListHighlighter.m; sourceTree = "<group>"; };
		E1988F0F62881D9AE4A2957C /* MKMarkdownItalicHighlighter.m */ = {isa = PBXFileReference; fileEncoding = 4; lastKnownFileType = sourcecode.c.objc; path = MKMarkdownItalicHighlighter.m; sourceTree = "<group>"; };
		E1988F1C7484C68CF4C7AEFE /* more.png */ = {isa = PBXFileReference; lastKnownFileType = image.png; path = more.png; sourceTree = "<group>"; };
		E1988FA002B3841D472C3EE5 /* MKHighlighterTextStorage.m */ = {isa = PBXFileReference; fileEncoding = 4; lastKnownFileType = sourcecode.c.objc; path = MKHighlighterTextStorage.m; sourceTree = "<group>"; };
		E1988FDD00887E1B744DA7FD /* MKRegularExpressionHighlighter.h */ = {isa = PBXFileReference; fileEncoding = 4; lastKnownFileType = sourcecode.c.h; path = MKRegularExpressionHighlighter.h; sourceTree = "<group>"; };
/* End PBXFileReference section */

/* Begin PBXFrameworksBuildPhase section */
		68442E9C1B706F5C0008F703 /* Frameworks */ = {
			isa = PBXFrameworksBuildPhase;
			buildActionMask = 2147483647;
			files = (
			);
			runOnlyForDeploymentPostprocessing = 0;
		};
		68442EB51B706F5C0008F703 /* Frameworks */ = {
			isa = PBXFrameworksBuildPhase;
			buildActionMask = 2147483647;
			files = (
			);
			runOnlyForDeploymentPostprocessing = 0;
		};
/* End PBXFrameworksBuildPhase section */

/* Begin PBXGroup section */
		68442E961B706F5C0008F703 = {
			isa = PBXGroup;
			children = (
				68442EA11B706F5C0008F703 /* Moleskine */,
				68442EBB1B706F5C0008F703 /* MoleskineTests */,
				68442EA01B706F5C0008F703 /* Products */,
			);
			sourceTree = "<group>";
		};
		68442EA01B706F5C0008F703 /* Products */ = {
			isa = PBXGroup;
			children = (
				68442E9F1B706F5C0008F703 /* Moleskine.app */,
				68442EB81B706F5C0008F703 /* MoleskineTests.xctest */,
			);
			name = Products;
			sourceTree = "<group>";
		};
		68442EA11B706F5C0008F703 /* Moleskine */ = {
			isa = PBXGroup;
			children = (
				68442EA61B706F5C0008F703 /* AppDelegate.h */,
				68442EA71B706F5C0008F703 /* AppDelegate.m */,
				68442EA91B706F5C0008F703 /* ViewController.h */,
				68442EAA1B706F5C0008F703 /* ViewController.m */,
				68442EAC1B706F5C0008F703 /* Main.storyboard */,
				68442EAF1B706F5C0008F703 /* Images.xcassets */,
				68442EB11B706F5C0008F703 /* LaunchScreen.xib */,
				68442EA21B706F5C0008F703 /* Supporting Files */,
				E1988CE19B5E6690D2BFBA2D /* Classes */,
				E1988B4A2B642CB9FF4FCD61 /* Images */,
			);
			path = Moleskine;
			sourceTree = "<group>";
		};
		68442EA21B706F5C0008F703 /* Supporting Files */ = {
			isa = PBXGroup;
			children = (
				68442EA31B706F5C0008F703 /* Info.plist */,
				68442EA41B706F5C0008F703 /* main.m */,
			);
			name = "Supporting Files";
			sourceTree = "<group>";
		};
		68442EBB1B706F5C0008F703 /* MoleskineTests */ = {
			isa = PBXGroup;
			children = (
				68442EBE1B706F5C0008F703 /* MoleskineTests.m */,
				68442EBC1B706F5C0008F703 /* Supporting Files */,
			);
			path = MoleskineTests;
			sourceTree = "<group>";
		};
		68442EBC1B706F5C0008F703 /* Supporting Files */ = {
			isa = PBXGroup;
			children = (
				68442EBD1B706F5C0008F703 /* Info.plist */,
			);
			name = "Supporting Files";
			sourceTree = "<group>";
		};
		E1988B4A2B642CB9FF4FCD61 /* Images */ = {
			isa = PBXGroup;
			children = (
				E198874B170A2C6595068EF4 /* bold.png */,
				E19884B569DB2648CF06BF92 /* code.png */,
				E1988D0AF7D380CAAD27BB0C /* help.png */,
				E1988E009055853A58A2C2FD /* hr.png */,
				E19886716AF45FA4B3723CE4 /* img.png */,
				E1988150B401F7AC1A63787B /* italic.png */,
				E198811727E9C1F90EE5989A /* link.png */,
				E1988F1C7484C68CF4C7AEFE /* more.png */,
				E19880D49A52DE26F5DF4F2A /* ol.png */,
				E19881CDFEB3B8DF88CCE3AD /* quote.png */,
				E1988A7D06523592C0606F79 /* title.png */,
				E19888F4DCBBB693158FC2DD /* ul.png */,
			);
			path = Images;
			sourceTree = "<group>";
		};
		E1988CE19B5E6690D2BFBA2D /* Classes */ = {
			isa = PBXGroup;
			children = (
				687893FE1B71F98500F93668 /* MKTextView.h */,
				687893FF1B71F98500F93668 /* MKTextView.m */,
				E1988FA002B3841D472C3EE5 /* MKHighlighterTextStorage.m */,
				E1988B190186B52AB9D1C0BE /* MKHighlighterTextStorage.h */,
				E1988A0C8631C3A0EDEC7142 /* MKHighlighterType.m */,
				E19886CFFE3E3BB5A389927C /* MKHighlighterType.h */,
				E1988D5E87A364F773D7E160 /* MKRegularExpressionHighlighter.m */,
				E1988FDD00887E1B744DA7FD /* MKRegularExpressionHighlighter.h */,
				E19882D2CA7066971ED27688 /* MKMarkdownHeaderHighlighter.m */,
				E1988BD774BD860BBD0A582D /* MKMarkdownHeaderHighlighter.h */,
				E1988767B61F7782320A561B /* MKMarkdownLinkHighlighter.m */,
				E198865AF6944D5A5F26E8D9 /* MKMarkdownLinkHighlighter.h */,
				E198883CC3AC82C6EB9ADBC0 /* MKMarkdownStrikethroughHighlighter.m */,
				E198839C4386EACC67D03AAA /* MKMarkdownStrikethroughHighlighter.h */,
				E1988E9A488D814DEE93F94F /* MKMarkdownListHighlighter.m */,
				E19883E671AD1A539FBC3C0A /* MKMarkdownListHighlighter.h */,
				E1988B622E3EFD88398FDA03 /* MKMarkdownOrderListHighlighter.m */,
				E1988B281F71C587CB5D20F5 /* MKMarkdownOrderListHighlighter.h */,
				E19889534CAF0CA31C60522B /* MKMarkdownCodeBlockHighlighter.m */,
				E198861FC3CB6226690B8A64 /* MKMarkdownCodeBlockHighlighter.h */,
				E1988DB6A023632C84385B36 /* MKMarkdownInlineBlockHighlighter.m */,
				E1988167F839E11350B1C959 /* MKMarkdownInlineBlockHighlighter.h */,
				E1988483F48708A2DB0B9541 /* MKMarkdownStrongBlockHighlighter.m */,
				E19886D4C55193AF5F91D6BA /* MKMarkdownStrongBlockHighlighter.h */,
				E198894D683C3E598BFD71E8 /* MKKeyboardToolBar.m */,
				E19887CDD056BC650616F981 /* MKKeyboardToolBar.h */,
				E1988F0F62881D9AE4A2957C /* MKMarkdownItalicHighlighter.m */,
				E1988A16B8C6F2151FF09250 /* MKMarkdownItalicHighlighter.h */,
			);
			path = Classes;
			sourceTree = "<group>";
		};
/* End PBXGroup section */

/* Begin PBXNativeTarget section */
		68442E9E1B706F5C0008F703 /* Moleskine */ = {
			isa = PBXNativeTarget;
			buildConfigurationList = 68442EC21B706F5C0008F703 /* Build configuration list for PBXNativeTarget "Moleskine" */;
			buildPhases = (
				68442E9B1B706F5C0008F703 /* Sources */,
				68442E9C1B706F5C0008F703 /* Frameworks */,
				68442E9D1B706F5C0008F703 /* Resources */,
			);
			buildRules = (
			);
			dependencies = (
			);
			name = Moleskine;
			productName = Moleskine;
			productReference = 68442E9F1B706F5C0008F703 /* Moleskine.app */;
			productType = "com.apple.product-type.application";
		};
		68442EB71B706F5C0008F703 /* MoleskineTests */ = {
			isa = PBXNativeTarget;
			buildConfigurationList = 68442EC51B706F5C0008F703 /* Build configuration list for PBXNativeTarget "MoleskineTests" */;
			buildPhases = (
				68442EB41B706F5C0008F703 /* Sources */,
				68442EB51B706F5C0008F703 /* Frameworks */,
				68442EB61B706F5C0008F703 /* Resources */,
			);
			buildRules = (
			);
			dependencies = (
				68442EBA1B706F5C0008F703 /* PBXTargetDependency */,
			);
			name = MoleskineTests;
			productName = MoleskineTests;
			productReference = 68442EB81B706F5C0008F703 /* MoleskineTests.xctest */;
			productType = "com.apple.product-type.bundle.unit-test";
		};
/* End PBXNativeTarget section */

/* Begin PBXProject section */
		68442E971B706F5C0008F703 /* Project object */ = {
			isa = PBXProject;
			attributes = {
				LastUpgradeCheck = 0640;
				ORGANIZATIONNAME = shiweifu;
				TargetAttributes = {
					68442E9E1B706F5C0008F703 = {
						CreatedOnToolsVersion = 6.4;
					};
					68442EB71B706F5C0008F703 = {
						CreatedOnToolsVersion = 6.4;
						TestTargetID = 68442E9E1B706F5C0008F703;
					};
				};
			};
			buildConfigurationList = 68442E9A1B706F5C0008F703 /* Build configuration list for PBXProject "Moleskine" */;
			compatibilityVersion = "Xcode 3.2";
			developmentRegion = English;
			hasScannedForEncodings = 0;
			knownRegions = (
				en,
				Base,
			);
			mainGroup = 68442E961B706F5C0008F703;
			productRefGroup = 68442EA01B706F5C0008F703 /* Products */;
			projectDirPath = "";
			projectRoot = "";
			targets = (
				68442E9E1B706F5C0008F703 /* Moleskine */,
				68442EB71B706F5C0008F703 /* MoleskineTests */,
			);
		};
/* End PBXProject section */

/* Begin PBXResourcesBuildPhase section */
		68442E9D1B706F5C0008F703 /* Resources */ = {
			isa = PBXResourcesBuildPhase;
			buildActionMask = 2147483647;
			files = (
				68442EAE1B706F5C0008F703 /* Main.storyboard in Resources */,
				68442EB31B706F5C0008F703 /* LaunchScreen.xib in Resources */,
				68442EB01B706F5C0008F703 /* Images.xcassets in Resources */,
				E19881321B37CEB21DDB1C11 /* bold.png in Resources */,
				E19886032B84F43A26921B83 /* code.png in Resources */,
				E19880C29D0E19952A9BA3FF /* help.png in Resources */,
				E198883306FF25755C0F2B6D /* hr.png in Resources */,
				E1988F87DBF9EE3AC27C3317 /* img.png in Resources */,
				E1988E700E436CF062412DE2 /* italic.png in Resources */,
				E19884332953F2B136F1EAAD /* link.png in Resources */,
				E1988469416DDF72AC1845F7 /* more.png in Resources */,
				E19880374C427CA25D0872A4 /* ol.png in Resources */,
				E19885777ED93324D2032F4C /* quote.png in Resources */,
				E1988ACDFB041C162E81C4AD /* title.png in Resources */,
				E198832E90B687071E5FF929 /* ul.png in Resources */,
			);
			runOnlyForDeploymentPostprocessing = 0;
		};
		68442EB61B706F5C0008F703 /* Resources */ = {
			isa = PBXResourcesBuildPhase;
			buildActionMask = 2147483647;
			files = (
			);
			runOnlyForDeploymentPostprocessing = 0;
		};
/* End PBXResourcesBuildPhase section */

/* Begin PBXSourcesBuildPhase section */
		68442E9B1B706F5C0008F703 /* Sources */ = {
			isa = PBXSourcesBuildPhase;
			buildActionMask = 2147483647;
			files = (
				68442EAB1B706F5C0008F703 /* ViewController.m in Sources */,
				68442EA81B706F5C0008F703 /* AppDelegate.m in Sources */,
				68442EA51B706F5C0008F703 /* main.m in Sources */,
				E198837CB6CCBAEC1C490C8F /* MKHighlighterTextStorage.m in Sources */,
				687894001B71F98500F93668 /* MKTextView.m in Sources */,
				E1988A7731D104589176879B /* MKHighlighterType.m in Sources */,
				E1988ED367B9DFB589201828 /* MKRegularExpressionHighlighter.m in Sources */,
				E1988A463F864129B5D128C9 /* MKMarkdownHeaderHighlighter.m in Sources */,
				E1988FF811B292DA1F6341BB /* MKMarkdownLinkHighlighter.m in Sources */,
				E19881889E6C943D0ACC8CB9 /* MKMarkdownStrikethroughHighlighter.m in Sources */,
				E198846F90BA9B9ED7CF5D1E /* MKMarkdownListHighlighter.m in Sources */,
				E1988584A1CFDB7B99019A13 /* MKMarkdownOrderListHighlighter.m in Sources */,
				E19888903671F1D2821C6A9C /* MKMarkdownCodeBlockHighlighter.m in Sources */,
				E1988CABC5E3B06DF3B40F9A /* MKMarkdownInlineBlockHighlighter.m in Sources */,
				E1988BA212BB66E51B57F597 /* MKMarkdownStrongBlockHighlighter.m in Sources */,
				E19884222C7E7D0B66E7C11B /* MKKeyboardToolBar.m in Sources */,
				E1988E49A794A59143FDE9D4 /* MKMarkdownItalicHighlighter.m in Sources */,
			);
			runOnlyForDeploymentPostprocessing = 0;
		};
		68442EB41B706F5C0008F703 /* Sources */ = {
			isa = PBXSourcesBuildPhase;
			buildActionMask = 2147483647;
			files = (
				68442EBF1B706F5C0008F703 /* MoleskineTests.m in Sources */,
			);
			runOnlyForDeploymentPostprocessing = 0;
		};
/* End PBXSourcesBuildPhase section */

/* Begin PBXTargetDependency section */
		68442EBA1B706F5C0008F703 /* PBXTargetDependency */ = {
			isa = PBXTargetDependency;
			target = 68442E9E1B706F5C0008F703 /* Moleskine */;
			targetProxy = 68442EB91B706F5C0008F703 /* PBXContainerItemProxy */;
		};
/* End PBXTargetDependency section */

/* Begin PBXVariantGroup section */
		68442EAC1B706F5C0008F703 /* Main.storyboard */ = {
			isa = PBXVariantGroup;
			children = (
				68442EAD1B706F5C0008F703 /* Base */,
			);
			name = Main.storyboard;
			sourceTree = "<group>";
		};
		68442EB11B706F5C0008F703 /* LaunchScreen.xib */ = {
			isa = PBXVariantGroup;
			children = (
				68442EB21B706F5C0008F703 /* Base */,
			);
			name = LaunchScreen.xib;
			sourceTree = "<group>";
		};
/* End PBXVariantGroup section */

/* Begin XCBuildConfiguration section */
		68442EC01B706F5C0008F703 /* Debug */ = {
			isa = XCBuildConfiguration;
			buildSettings = {
				ALWAYS_SEARCH_USER_PATHS = NO;
				CLANG_CXX_LANGUAGE_STANDARD = "gnu++0x";
				CLANG_CXX_LIBRARY = "libc++";
				CLANG_ENABLE_MODULES = YES;
				CLANG_ENABLE_OBJC_ARC = YES;
				CLANG_WARN_BOOL_CONVERSION = YES;
				CLANG_WARN_CONSTANT_CONVERSION = YES;
				CLANG_WARN_DIRECT_OBJC_ISA_USAGE = YES_ERROR;
				CLANG_WARN_EMPTY_BODY = YES;
				CLANG_WARN_ENUM_CONVERSION = YES;
				CLANG_WARN_INT_CONVERSION = YES;
				CLANG_WARN_OBJC_ROOT_CLASS = YES_ERROR;
				CLANG_WARN_UNREACHABLE_CODE = YES;
				CLANG_WARN__DUPLICATE_METHOD_MATCH = YES;
				"CODE_SIGN_IDENTITY[sdk=iphoneos*]" = "iPhone Developer";
				COPY_PHASE_STRIP = NO;
				DEBUG_INFORMATION_FORMAT = "dwarf-with-dsym";
				ENABLE_STRICT_OBJC_MSGSEND = YES;
				GCC_C_LANGUAGE_STANDARD = gnu99;
				GCC_DYNAMIC_NO_PIC = NO;
				GCC_NO_COMMON_BLOCKS = YES;
				GCC_OPTIMIZATION_LEVEL = 0;
				GCC_PREPROCESSOR_DEFINITIONS = (
					"DEBUG=1",
					"$(inherited)",
				);
				GCC_SYMBOLS_PRIVATE_EXTERN = NO;
				GCC_WARN_64_TO_32_BIT_CONVERSION = YES;
				GCC_WARN_ABOUT_RETURN_TYPE = YES_ERROR;
				GCC_WARN_UNDECLARED_SELECTOR = YES;
				GCC_WARN_UNINITIALIZED_AUTOS = YES_AGGRESSIVE;
				GCC_WARN_UNUSED_FUNCTION = YES;
				GCC_WARN_UNUSED_VARIABLE = YES;
				IPHONEOS_DEPLOYMENT_TARGET = 8.4;
				MTL_ENABLE_DEBUG_INFO = YES;
				ONLY_ACTIVE_ARCH = YES;
				SDKROOT = iphoneos;
			};
			name = Debug;
		};
		68442EC11B706F5C0008F703 /* Release */ = {
			isa = XCBuildConfiguration;
			buildSettings = {
				ALWAYS_SEARCH_USER_PATHS = NO;
				CLANG_CXX_LANGUAGE_STANDARD = "gnu++0x";
				CLANG_CXX_LIBRARY = "libc++";
				CLANG_ENABLE_MODULES = YES;
				CLANG_ENABLE_OBJC_ARC = YES;
				CLANG_WARN_BOOL_CONVERSION = YES;
				CLANG_WARN_CONSTANT_CONVERSION = YES;
				CLANG_WARN_DIRECT_OBJC_ISA_USAGE = YES_ERROR;
				CLANG_WARN_EMPTY_BODY = YES;
				CLANG_WARN_ENUM_CONVERSION = YES;
				CLANG_WARN_INT_CONVERSION = YES;
				CLANG_WARN_OBJC_ROOT_CLASS = YES_ERROR;
				CLANG_WARN_UNREACHABLE_CODE = YES;
				CLANG_WARN__DUPLICATE_METHOD_MATCH = YES;
				"CODE_SIGN_IDENTITY[sdk=iphoneos*]" = "iPhone Developer";
				COPY_PHASE_STRIP = NO;
				DEBUG_INFORMATION_FORMAT = "dwarf-with-dsym";
				ENABLE_NS_ASSERTIONS = NO;
				ENABLE_STRICT_OBJC_MSGSEND = YES;
				GCC_C_LANGUAGE_STANDARD = gnu99;
				GCC_NO_COMMON_BLOCKS = YES;
				GCC_WARN_64_TO_32_BIT_CONVERSION = YES;
				GCC_WARN_ABOUT_RETURN_TYPE = YES_ERROR;
				GCC_WARN_UNDECLARED_SELECTOR = YES;
				GCC_WARN_UNINITIALIZED_AUTOS = YES_AGGRESSIVE;
				GCC_WARN_UNUSED_FUNCTION = YES;
				GCC_WARN_UNUSED_VARIABLE = YES;
				IPHONEOS_DEPLOYMENT_TARGET = 8.4;
				MTL_ENABLE_DEBUG_INFO = NO;
				SDKROOT = iphoneos;
				VALIDATE_PRODUCT = YES;
			};
			name = Release;
		};
		68442EC31B706F5C0008F703 /* Debug */ = {
			isa = XCBuildConfiguration;
			buildSettings = {
				ASSETCATALOG_COMPILER_APPICON_NAME = AppIcon;
				INFOPLIST_FILE = Moleskine/Info.plist;
				LD_RUNPATH_SEARCH_PATHS = "$(inherited) @executable_path/Frameworks";
				PRODUCT_NAME = "$(TARGET_NAME)";
			};
			name = Debug;
		};
		68442EC41B706F5C0008F703 /* Release */ = {
			isa = XCBuildConfiguration;
			buildSettings = {
				ASSETCATALOG_COMPILER_APPICON_NAME = AppIcon;
				INFOPLIST_FILE = Moleskine/Info.plist;
				LD_RUNPATH_SEARCH_PATHS = "$(inherited) @executable_path/Frameworks";
				PRODUCT_NAME = "$(TARGET_NAME)";
			};
			name = Release;
		};
		68442EC61B706F5C0008F703 /* Debug */ = {
			isa = XCBuildConfiguration;
			buildSettings = {
				BUNDLE_LOADER = "$(TEST_HOST)";
				FRAMEWORK_SEARCH_PATHS = (
					"$(SDKROOT)/Developer/Library/Frameworks",
					"$(inherited)",
				);
				GCC_PREPROCESSOR_DEFINITIONS = (
					"DEBUG=1",
					"$(inherited)",
				);
				INFOPLIST_FILE = MoleskineTests/Info.plist;
				LD_RUNPATH_SEARCH_PATHS = "$(inherited) @executable_path/Frameworks @loader_path/Frameworks";
				PRODUCT_NAME = "$(TARGET_NAME)";
				TEST_HOST = "$(BUILT_PRODUCTS_DIR)/Moleskine.app/Moleskine";
			};
			name = Debug;
		};
		68442EC71B706F5C0008F703 /* Release */ = {
			isa = XCBuildConfiguration;
			buildSettings = {
				BUNDLE_LOADER = "$(TEST_HOST)";
				FRAMEWORK_SEARCH_PATHS = (
					"$(SDKROOT)/Developer/Library/Frameworks",
					"$(inherited)",
				);
				INFOPLIST_FILE = MoleskineTests/Info.plist;
				LD_RUNPATH_SEARCH_PATHS = "$(inherited) @executable_path/Frameworks @loader_path/Frameworks";
				PRODUCT_NAME = "$(TARGET_NAME)";
				TEST_HOST = "$(BUILT_PRODUCTS_DIR)/Moleskine.app/Moleskine";
			};
			name = Release;
		};
/* End XCBuildConfiguration section */

/* Begin XCConfigurationList section */
		68442E9A1B706F5C0008F703 /* Build configuration list for PBXProject "Moleskine" */ = {
			isa = XCConfigurationList;
			buildConfigurations = (
				68442EC01B706F5C0008F703 /* Debug */,
				68442EC11B706F5C0008F703 /* Release */,
			);
			defaultConfigurationIsVisible = 0;
			defaultConfigurationName = Release;
		};
		68442EC21B706F5C0008F703 /* Build configuration list for PBXNativeTarget "Moleskine" */ = {
			isa = XCConfigurationList;
			buildConfigurations = (
				68442EC31B706F5C0008F703 /* Debug */,
				68442EC41B706F5C0008F703 /* Release */,
			);
			defaultConfigurationIsVisible = 0;
			defaultConfigurationName = Release;
		};
		68442EC51B706F5C0008F703 /* Build configuration list for PBXNativeTarget "MoleskineTests" */ = {
			isa = XCConfigurationList;
			buildConfigurations = (
				68442EC61B706F5C0008F703 /* Debug */,
				68442EC71B706F5C0008F703 /* Release */,
			);
			defaultConfigurationIsVisible = 0;
			defaultConfigurationName = Release;
		};
/* End XCConfigurationList section */
	};
	rootObject = 68442E971B706F5C0008F703 /* Project object */;
}
